
Microsoft Visual Studio Solution File, Format Version 12.00
# Visual Studio Version 17
VisualStudioVersion = 17.9.34723.18
MinimumVisualStudioVersion = 10.0.40219.1
Project("{FAE04EC0-301F-11D3-BF4B-00C04F79EFBC}") = "05_Project_PTTKHTTT", "05_Project_PTTKHTTT\05_Project_PTTKHTTT.csproj", "{50DBFE06-DF11-4EBF-83E2-18CC7EEACEA0}"
EndProject
Global
	GlobalSection(SolutionConfigurationPlatforms) = preSolution
		Debug|Any CPU = Debug|Any CPU
		Release|Any CPU = Release|Any CPU
	EndGlobalSection
	GlobalSection(ProjectConfigurationPlatforms) = postSolution
		{50DBFE06-DF11-4EBF-83E2-18CC7EEACEA0}.Debug|Any CPU.ActiveCfg = Debug|Any CPU
		{50DBFE06-DF11-4EBF-83E2-18CC7EEACEA0}.Debug|Any CPU.Build.0 = Debug|Any CPU
		{50DBFE06-DF11-4EBF-83E2-18CC7EEACEA0}.Release|Any CPU.ActiveCfg = Release|Any CPU
		{50DBFE06-DF11-4EBF-83E2-18CC7EEACEA0}.Release|Any CPU.Build.0 = Release|Any CPU
	EndGlobalSection
	GlobalSection(SolutionProperties) = preSolution
		HideSolutionNode = FALSE
	EndGlobalSection
	GlobalSection(ExtensibilityGlobals) = postSolution
		SolutionGuid = {B0A183BC-06AE-45B9-AD4A-8E101AAA7D93}
	EndGlobalSection
EndGlobal
